// !$*UTF8*$!
{
	archiveVersion = 1;
	classes = {
	};
	objectVersion = 50;
	objects = {

/* Begin PBXBuildFile section */
		1F2A4B1424E3014800F250A5 /* AppDelegate.swift in Sources */ = {isa = PBXBuildFile; fileRef = 1F2A4B1324E3014800F250A5 /* AppDelegate.swift */; };
		1F2A4B1624E3014800F250A5 /* SceneDelegate.swift in Sources */ = {isa = PBXBuildFile; fileRef = 1F2A4B1524E3014800F250A5 /* SceneDelegate.swift */; };
		1F2A4B1824E3014800F250A5 /* ViewController.swift in Sources */ = {isa = PBXBuildFile; fileRef = 1F2A4B1724E3014800F250A5 /* ViewController.swift */; };
		1F2A4B1B24E3014800F250A5 /* Main.storyboard in Resources */ = {isa = PBXBuildFile; fileRef = 1F2A4B1924E3014800F250A5 /* Main.storyboard */; };
		1F2A4B1D24E3014D00F250A5 /* Assets.xcassets in Resources */ = {isa = PBXBuildFile; fileRef = 1F2A4B1C24E3014D00F250A5 /* Assets.xcassets */; };
		1F2A4B2024E3014D00F250A5 /* LaunchScreen.storyboard in Resources */ = {isa = PBXBuildFile; fileRef = 1F2A4B1E24E3014D00F250A5 /* LaunchScreen.storyboard */; };
		1F2A4B2824E301E300F250A5 /* GoogleService-Info.plist in Resources */ = {isa = PBXBuildFile; fileRef = 1F2A4B2724E301E300F250A5 /* GoogleService-Info.plist */; };
		C0818A2B228813C59A2A7717 /* Pods_CRUD.framework in Frameworks */ = {isa = PBXBuildFile; fileRef = 60215B7CA013D0630859F8A2 /* Pods_CRUD.framework */; };
/* End PBXBuildFile section */

/* Begin PBXFileReference section */
		1F2A4B1024E3014800F250A5 /* CRUD.app */ = {isa = PBXFileReference; explicitFileType = wrapper.application; includeInIndex = 0; path = CRUD.app; sourceTree = BUILT_PRODUCTS_DIR; };
		1F2A4B1324E3014800F250A5 /* AppDelegate.swift */ = {isa = PBXFileReference; lastKnownFileType = sourcecode.swift; path = AppDelegate.swift; sourceTree = "<group>"; };
		1F2A4B1524E3014800F250A5 /* SceneDelegate.swift */ = {isa = PBXFileReference; lastKnownFileType = sourcecode.swift; path = SceneDelegate.swift; sourceTree = "<group>"; };
		1F2A4B1724E3014800F250A5 /* ViewController.swift */ = {isa = PBXFileReference; lastKnownFileType = sourcecode.swift; path = ViewController.swift; sourceTree = "<group>"; };
		1F2A4B1A24E3014800F250A5 /* Base */ = {isa = PBXFileReference; lastKnownFileType = file.storyboard; name = Base; path = Base.lproj/Main.storyboard; sourceTree = "<group>"; };
		1F2A4B1C24E3014D00F250A5 /* Assets.xcassets */ = {isa = PBXFileReference; lastKnownFileType = folder.assetcatalog; path = Assets.xcassets; sourceTree = "<group>"; };
		1F2A4B1F24E3014D00F250A5 /* Base */ = {isa = PBXFileReference; lastKnownFileType = file.storyboard; name = Base; path = Base.lproj/LaunchScreen.storyboard; sourceTree = "<group>"; };
		1F2A4B2124E3014D00F250A5 /* Info.plist */ = {isa = PBXFileReference; lastKnownFileType = text.plist.xml; path = Info.plist; sourceTree = "<group>"; };
		1F2A4B2724E301E300F250A5 /* GoogleService-Info.plist */ = {isa = PBXFileReference; fileEncoding = 4; lastKnownFileType = text.plist.xml; path = "GoogleService-Info.plist"; sourceTree = "<group>"; };
		60215B7CA013D0630859F8A2 /* Pods_CRUD.framework */ = {isa = PBXFileReference; explicitFileType = wrapper.framework; includeInIndex = 0; path = Pods_CRUD.framework; sourceTree = BUILT_PRODUCTS_DIR; };
		89E513404A858569D21E9996 /* Pods-CRUD.debug.xcconfig */ = {isa = PBXFileReference; includeInIndex = 1; lastKnownFileType = text.xcconfig; name = "Pods-CRUD.debug.xcconfig"; path = "Target Support Files/Pods-CRUD/Pods-CRUD.debug.xcconfig"; sourceTree = "<group>"; };
		AB3B7A607DF164D94FACB716 /* Pods-CRUD.release.xcconfig */ = {isa = PBXFileReference; includeInIndex = 1; lastKnownFileType = text.xcconfig; name = "Pods-CRUD.release.xcconfig"; path = "Target Support Files/Pods-CRUD/Pods-CRUD.release.xcconfig"; sourceTree = "<group>"; };
/* End PBXFileReference section */

/* Begin PBXFrameworksBuildPhase section */
		1F2A4B0D24E3014800F250A5 /* Frameworks */ = {
			isa = PBXFrameworksBuildPhase;
			buildActionMask = 2147483647;
			files = (
				C0818A2B228813C59A2A7717 /* Pods_CRUD.framework in Frameworks */,
			);
			runOnlyForDeploymentPostprocessing = 0;
		};
/* End PBXFrameworksBuildPhase section */

/* Begin PBXGroup section */
		1F2A4B0724E3014800F250A5 = {
			isa = PBXGroup;
			children = (
				1F2A4B1224E3014800F250A5 /* CRUD */,
				1F2A4B1124E3014800F250A5 /* Products */,
				8F402BB5B18A7D225CB817A7 /* Pods */,
				83F0AA678B68C1CD3CEBF290 /* Frameworks */,
			);
			sourceTree = "<group>";
		};
		1F2A4B1124E3014800F250A5 /* Products */ = {
			isa = PBXGroup;
			children = (
				1F2A4B1024E3014800F250A5 /* CRUD.app */,
			);
			name = Products;
			sourceTree = "<group>";
		};
		1F2A4B1224E3014800F250A5 /* CRUD */ = {
			isa = PBXGroup;
			children = (
				1F2A4B1324E3014800F250A5 /* AppDelegate.swift */,
				1F2A4B1524E3014800F250A5 /* SceneDelegate.swift */,
				1F2A4B1724E3014800F250A5 /* ViewController.swift */,
				1F2A4B1924E3014800F250A5 /* Main.storyboard */,
				1F2A4B1C24E3014D00F250A5 /* Assets.xcassets */,
				1F2A4B1E24E3014D00F250A5 /* LaunchScreen.storyboard */,
				1F2A4B2124E3014D00F250A5 /* Info.plist */,
				1F2A4B2724E301E300F250A5 /* GoogleService-Info.plist */,
			);
			path = CRUD;
			sourceTree = "<group>";
		};
		83F0AA678B68C1CD3CEBF290 /* Frameworks */ = {
			isa = PBXGroup;
			children = (
				60215B7CA013D0630859F8A2 /* Pods_CRUD.framework */,
			);
			name = Frameworks;
			sourceTree = "<group>";
		};
		8F402BB5B18A7D225CB817A7 /* Pods */ = {
			isa = PBXGroup;
			children = (
				89E513404A858569D21E9996 /* Pods-CRUD.debug.xcconfig */,
				AB3B7A607DF164D94FACB716 /* Pods-CRUD.release.xcconfig */,
			);
			name = Pods;
			path = Pods;
			sourceTree = "<group>";
		};
/* End PBXGroup section */

/* Begin PBXNativeTarget section */
		1F2A4B0F24E3014800F250A5 /* CRUD */ = {
			isa = PBXNativeTarget;
			buildConfigurationList = 1F2A4B2424E3014D00F250A5 /* Build configuration list for PBXNativeTarget "CRUD" */;
			buildPhases = (
				30B4CA1CB12E2608D8CDCED5 /* [CP] Check Pods Manifest.lock */,
				1F2A4B0C24E3014800F250A5 /* Sources */,
				1F2A4B0D24E3014800F250A5 /* Frameworks */,
				1F2A4B0E24E3014800F250A5 /* Resources */,
				3CFBBF5BD1D79FA41A56062D /* [CP] Embed Pods Frameworks */,
			);
			buildRules = (
			);
			dependencies = (
			);
			name = CRUD;
			productName = CRUD;
			productReference = 1F2A4B1024E3014800F250A5 /* CRUD.app */;
			productType = "com.apple.product-type.application";
		};
/* End PBXNativeTarget section */

/* Begin PBXProject section */
		1F2A4B0824E3014800F250A5 /* Project object */ = {
			isa = PBXProject;
			attributes = {
				LastSwiftUpdateCheck = 1150;
				LastUpgradeCheck = 1150;
				ORGANIZATIONNAME = "Juan Sebastian";
				TargetAttributes = {
					1F2A4B0F24E3014800F250A5 = {
						CreatedOnToolsVersion = 11.5;
					};
				};
			};
			buildConfigurationList = 1F2A4B0B24E3014800F250A5 /* Build configuration list for PBXProject "CRUD" */;
			compatibilityVersion = "Xcode 9.3";
			developmentRegion = en;
			hasScannedForEncodings = 0;
			knownRegions = (
				en,
				Base,
			);
			mainGroup = 1F2A4B0724E3014800F250A5;
			productRefGroup = 1F2A4B1124E3014800F250A5 /* Products */;
			projectDirPath = "";
			projectRoot = "";
			targets = (
				1F2A4B0F24E3014800F250A5 /* CRUD */,
			);
		};
/* End PBXProject section */

/* Begin PBXResourcesBuildPhase section */
		1F2A4B0E24E3014800F250A5 /* Resources */ = {
			isa = PBXResourcesBuildPhase;
			buildActionMask = 2147483647;
			files = (
				1F2A4B2024E3014D00F250A5 /* LaunchScreen.storyboard in Resources */,
				1F2A4B2824E301E300F250A5 /* GoogleService-Info.plist in Resources */,
				1F2A4B1D24E3014D00F250A5 /* Assets.xcassets in Resources */,
				1F2A4B1B24E3014800F250A5 /* Main.storyboard in Resources */,
			);
			runOnlyForDeploymentPostprocessing = 0;
		};
/* End PBXResourcesBuildPhase section */

/* Begin PBXShellScriptBuildPhase section */
		30B4CA1CB12E2608D8CDCED5 /* [CP] Check Pods Manifest.lock */ = {
			isa = PBXShellScriptBuildPhase;
			buildActionMask = 2147483647;
			files = (
			);
			inputFileListPaths = (
			);
			inputPaths = (
				"${PODS_PODFILE_DIR_PATH}/Podfile.lock",
				"${PODS_ROOT}/Manifest.lock",
			);
			name = "[CP] Check Pods Manifest.lock";
			outputFileListPaths = (
			);
			outputPaths = (
				"$(DERIVED_FILE_DIR)/Pods-CRUD-checkManifestLockResult.txt",
			);
			runOnlyForDeploymentPostprocessing = 0;
			shellPath = /bin/sh;
			shellScript = "diff \"${PODS_PODFILE_DIR_PATH}/Podfile.lock\" \"${PODS_ROOT}/Manifest.lock\" > /dev/null\nif [ $? != 0 ] ; then\n    # print error to STDERR\n    echo \"error: The sandbox is not in sync with the Podfile.lock. Run 'pod install' or update your CocoaPods installation.\" >&2\n    exit 1\nfi\n# This output is used by Xcode 'outputs' to avoid re-running this script phase.\necho \"SUCCESS\" > \"${SCRIPT_OUTPUT_FILE_0}\"\n";
			showEnvVarsInLog = 0;
		};
		3CFBBF5BD1D79FA41A56062D /* [CP] Embed Pods Frameworks */ = {
			isa = PBXShellScriptBuildPhase;
			buildActionMask = 2147483647;
			files = (
			);
			inputFileListPaths = (
				"${PODS_ROOT}/Target Support Files/Pods-CRUD/Pods-CRUD-frameworks-${CONFIGURATION}-input-files.xcfilelist",
			);
			name = "[CP] Embed Pods Frameworks";
			outputFileListPaths = (
				"${PODS_ROOT}/Target Support Files/Pods-CRUD/Pods-CRUD-frameworks-${CONFIGURATION}-output-files.xcfilelist",
			);
			runOnlyForDeploymentPostprocessing = 0;
			shellPath = /bin/sh;
			shellScript = "\"${PODS_ROOT}/Target Support Files/Pods-CRUD/Pods-CRUD-frameworks.sh\"\n";
			showEnvVarsInLog = 0;
		};
/* End PBXShellScriptBuildPhase section */

/* Begin PBXSourcesBuildPhase section */
		1F2A4B0C24E3014800F250A5 /* Sources */ = {
			isa = PBXSourcesBuildPhase;
			buildActionMask = 2147483647;
			files = (
				1F2A4B1824E3014800F250A5 /* ViewController.swift in Sources */,
				1F2A4B1424E3014800F250A5 /* AppDelegate.swift in Sources */,
				1F2A4B1624E3014800F250A5 /* SceneDelegate.swift in Sources */,
			);
			runOnlyForDeploymentPostprocessing = 0;
		};
/* End PBXSourcesBuildPhase section */

/* Begin PBXVariantGroup section */
		1F2A4B1924E3014800F250A5 /* Main.storyboard */ = {
			isa = PBXVariantGroup;
			children = (
				1F2A4B1A24E3014800F250A5 /* Base */,
			);
			name = Main.storyboard;
			sourceTree = "<group>";
		};
		1F2A4B1E24E3014D00F250A5 /* LaunchScreen.storyboard */ = {
			isa = PBXVariantGroup;
			children = (
				1F2A4B1F24E3014D00F250A5 /* Base */,
			);
			name = LaunchScreen.storyboard;
			sourceTree = "<group>";
		};
/* End PBXVariantGroup section */

/* Begin XCBuildConfiguration section */
		1F2A4B2224E3014D00F250A5 /* Debug */ = {
			isa = XCBuildConfiguration;
			buildSettings = {
				ALWAYS_SEARCH_USER_PATHS = NO;
				CLANG_ANALYZER_NONNULL = YES;
				CLANG_ANALYZER_NUMBER_OBJECT_CONVERSION = YES_AGGRESSIVE;
				CLANG_CXX_LANGUAGE_STANDARD = "gnu++14";
				CLANG_CXX_LIBRARY = "libc++";
				CLANG_ENABLE_MODULES = YES;
				CLANG_ENABLE_OBJC_ARC = YES;
				CLANG_ENABLE_OBJC_WEAK = YES;
				CLANG_WARN_BLOCK_CAPTURE_AUTORELEASING = YES;
				CLANG_WARN_BOOL_CONVERSION = YES;
				CLANG_WARN_COMMA = YES;
				CLANG_WARN_CONSTANT_CONVERSION = YES;
				CLANG_WARN_DEPRECATED_OBJC_IMPLEMENTATIONS = YES;
				CLANG_WARN_DIRECT_OBJC_ISA_USAGE = YES_ERROR;
				CLANG_WARN_DOCUMENTATION_COMMENTS = YES;
				CLANG_WARN_EMPTY_BODY = YES;
				CLANG_WARN_ENUM_CONVERSION = YES;
				CLANG_WARN_INFINITE_RECURSION = YES;
				CLANG_WARN_INT_CONVERSION = YES;
				CLANG_WARN_NON_LITERAL_NULL_CONVERSION = YES;
				CLANG_WARN_OBJC_IMPLICIT_RETAIN_SELF = YES;
				CLANG_WARN_OBJC_LITERAL_CONVERSION = YES;
				CLANG_WARN_OBJC_ROOT_CLASS = YES_ERROR;
				CLANG_WARN_RANGE_LOOP_ANALYSIS = YES;
				CLANG_WARN_STRICT_PROTOTYPES = YES;
				CLANG_WARN_SUSPICIOUS_MOVE = YES;
				CLANG_WARN_UNGUARDED_AVAILABILITY = YES_AGGRESSIVE;
				CLANG_WARN_UNREACHABLE_CODE = YES;
				CLANG_WARN__DUPLICATE_METHOD_MATCH = YES;
				COPY_PHASE_STRIP = NO;
				DEBUG_INFORMATION_FORMAT = dwarf;
				ENABLE_STRICT_OBJC_MSGSEND = YES;
				ENABLE_TESTABILITY = YES;
				GCC_C_LANGUAGE_STANDARD = gnu11;
				GCC_DYNAMIC_NO_PIC = NO;
				GCC_NO_COMMON_BLOCKS = YES;
				GCC_OPTIMIZATION_LEVEL = 0;
				GCC_PREPROCESSOR_DEFINITIONS = (
					"DEBUG=1",
					"$(inherited)",
				);
				GCC_WARN_64_TO_32_BIT_CONVERSION = YES;
				GCC_WARN_ABOUT_RETURN_TYPE = YES_ERROR;
				GCC_WARN_UNDECLARED_SELECTOR = YES;
				GCC_WARN_UNINITIALIZED_AUTOS = YES_AGGRESSIVE;
				GCC_WARN_UNUSED_FUNCTION = YES;
				GCC_WARN_UNUSED_VARIABLE = YES;
				IPHONEOS_DEPLOYMENT_TARGET = 13.5;
				MTL_ENABLE_DEBUG_INFO = INCLUDE_SOURCE;
				MTL_FAST_MATH = YES;
				ONLY_ACTIVE_ARCH = YES;
				SDKROOT = iphoneos;
				SWIFT_ACTIVE_COMPILATION_CONDITIONS = DEBUG;
				SWIFT_OPTIMIZATION_LEVEL = "-Onone";
			};
			name = Debug;
		};
		1F2A4B2324E3014D00F250A5 /* Release */ = {
			isa = XCBuildConfiguration;
			buildSettings = {
				ALWAYS_SEARCH_USER_PATHS = NO;
				CLANG_ANALYZER_NONNULL = YES;
				CLANG_ANALYZER_NUMBER_OBJECT_CONVERSION = YES_AGGRESSIVE;
				CLANG_CXX_LANGUAGE_STANDARD = "gnu++14";
				CLANG_CXX_LIBRARY = "libc++";
				CLANG_ENABLE_MODULES = YES;
				CLANG_ENABLE_OBJC_ARC = YES;
				CLANG_ENABLE_OBJC_WEAK = YES;
				CLANG_WARN_BLOCK_CAPTURE_AUTORELEASING = YES;
				CLANG_WARN_BOOL_CONVERSION = YES;
				CLANG_WARN_COMMA = YES;
				CLANG_WARN_CONSTANT_CONVERSION = YES;
				CLANG_WARN_DEPRECATED_OBJC_IMPLEMENTATIONS = YES;
				CLANG_WARN_DIRECT_OBJC_ISA_USAGE = YES_ERROR;
				CLANG_WARN_DOCUMENTATION_COMMENTS = YES;
				CLANG_WARN_EMPTY_BODY = YES;
				CLANG_WARN_ENUM_CONVERSION = YES;
				CLANG_WARN_INFINITE_RECURSION = YES;
				CLANG_WARN_INT_CONVERSION = YES;
				CLANG_WARN_NON_LITERAL_NULL_CONVERSION = YES;
				CLANG_WARN_OBJC_IMPLICIT_RETAIN_SELF = YES;
				CLANG_WARN_OBJC_LITERAL_CONVERSION = YES;
				CLANG_WARN_OBJC_ROOT_CLASS = YES_ERROR;
				CLANG_WARN_RANGE_LOOP_ANALYSIS = YES;
				CLANG_WARN_STRICT_PROTOTYPES = YES;
				CLANG_WARN_SUSPICIOUS_MOVE = YES;
				CLANG_WARN_UNGUARDED_AVAILABILITY = YES_AGGRESSIVE;
				CLANG_WARN_UNREACHABLE_CODE = YES;
				CLANG_WARN__DUPLICATE_METHOD_MATCH = YES;
				COPY_PHASE_STRIP = NO;
				DEBUG_INFORMATION_FORMAT = "dwarf-with-dsym";
				ENABLE_NS_ASSERTIONS = NO;
				ENABLE_STRICT_OBJC_MSGSEND = YES;
				GCC_C_LANGUAGE_STANDARD = gnu11;
				GCC_NO_COMMON_BLOCKS = YES;
				GCC_WARN_64_TO_32_BIT_CONVERSION = YES;
				GCC_WARN_ABOUT_RETURN_TYPE = YES_ERROR;
				GCC_WARN_UNDECLARED_SELECTOR = YES;
				GCC_WARN_UNINITIALIZED_AUTOS = YES_AGGRESSIVE;
				GCC_WARN_UNUSED_FUNCTION = YES;
				GCC_WARN_UNUSED_VARIABLE = YES;
				IPHONEOS_DEPLOYMENT_TARGET = 13.5;
				MTL_ENABLE_DEBUG_INFO = NO;
				MTL_FAST_MATH = YES;
				SDKROOT = iphoneos;
				SWIFT_COMPILATION_MODE = wholemodule;
				SWIFT_OPTIMIZATION_LEVEL = "-O";
				VALIDATE_PRODUCT = YES;
			};
			name = Release;
		};
		1F2A4B2524E3014D00F250A5 /* Debug */ = {
			isa = XCBuildConfiguration;
			baseConfigurationReference = 89E513404A858569D21E9996 /* Pods-CRUD.debug.xcconfig */;
			buildSettings = {
				ASSETCATALOG_COMPILER_APPICON_NAME = AppIcon;
				CODE_SIGN_STYLE = Automatic;
				INFOPLIST_FILE = CRUD/Info.plist;
				LD_RUNPATH_SEARCH_PATHS = (
					"$(inherited)",
					"@executable_path/Frameworks",
				);
				PRODUCT_BUNDLE_IDENTIFIER = Jsv.CRUD;
				PRODUCT_NAME = "$(TARGET_NAME)";
				SWIFT_VERSION = 5.0;
				TARGETED_DEVICE_FAMILY = "1,2";
			};
			name = Debug;
		};
		1F2A4B2624E3014D00F250A5 /* Release */ = {
			isa = XCBuildConfiguration;
			baseConfigurationReference = AB3B7A607DF164D94FACB716 /* Pods-CRUD.release.xcconfig */;
			buildSettings = {
				ASSETCATALOG_COMPILER_APPICON_NAME = AppIcon;
				CODE_SIGN_STYLE = Automatic;
				INFOPLIST_FILE = CRUD/Info.plist;
				LD_RUNPATH_SEARCH_PATHS = (
					"$(inherited)",
					"@executable_path/Frameworks",
				);
				PRODUCT_BUNDLE_IDENTIFIER = Jsv.CRUD;
				PRODUCT_NAME = "$(TARGET_NAME)";
				SWIFT_VERSION = 5.0;
				TARGETED_DEVICE_FAMILY = "1,2";
			};
			name = Release;
		};
/* End XCBuildConfiguration section */

/* Begin XCConfigurationList section */
		1F2A4B0B24E3014800F250A5 /* Build configuration list for PBXProject "CRUD" */ = {
			isa = XCConfigurationList;
			buildConfigurations = (
				1F2A4B2224E3014D00F250A5 /* Debug */,
				1F2A4B2324E3014D00F250A5 /* Release */,
			);
			defaultConfigurationIsVisible = 0;
			defaultConfigurationName = Release;
		};
		1F2A4B2424E3014D00F250A5 /* Build configuration list for PBXNativeTarget "CRUD" */ = {
			isa = XCConfigurationList;
			buildConfigurations = (
				1F2A4B2524E3014D00F250A5 /* Debug */,
				1F2A4B2624E3014D00F250A5 /* Release */,
			);
			defaultConfigurationIsVisible = 0;
			defaultConfigurationName = Release;
		};
/* End XCConfigurationList section */
	};
	rootObject = 1F2A4B0824E3014800F250A5 /* Project object */;
}
